lockfileVersion: '9.0'

settings:
  autoInstallPeers: true
  excludeLinksFromLockfile: false

overrides:
  esbuild: '*'

importers:

  .:
    dependencies:
      '@rauschma/stringio':
        specifier: ^1.4.0
        version: 1.4.0
      diff:
        specifier: ^5.2.0
        version: 5.2.0
      untildify:
        specifier: ^5.0.0
        version: 5.0.0
    devDependencies:
      '@types/diff':
        specifier: ^7.0.1
        version: 7.0.1
      '@types/node':
        specifier: ^22.13.4
        version: 22.13.4
      '@types/vscode':
        specifier: ~1.69.1
        version: 1.69.1
      esbuild:
        specifier: '*'
        version: 0.25.0
      typescript:
        specifier: ^5.7.3
        version: 5.7.3

packages:

  '@esbuild/darwin-x64@0.25.0':
    resolution: {integrity: sha512-DgDaYsPWFTS4S3nWpFcMn/33ZZwAAeAFKNHNa1QN0rI4pUjgqf0f7ONmXf6d22tqTY+H9FNdgeaAa+YIFUn2Rg==}
    engines: {node: '>=18'}
    cpu: [x64]
    os: [darwin]

  '@esbuild/linux-x64@0.25.0':
    resolution: {integrity: sha512-9yl91rHw/cpwMCNytUDxwj2XjFpxML0y9HAOH9pNVQDpQrBxHy01Dx+vaMu0N1CKa/RzBD2hB4u//nfc+Sd3Cw==}
    engines: {node: '>=18'}
    cpu: [x64]
    os: [linux]

  '@esbuild/win32-x64@0.25.0':
    resolution: {integrity: sha512-ZENoHJBxA20C2zFzh6AI4fT6RraMzjYw4xKWemRTRmRVtN9c5DcH9r/f2ihEkMjOW5eGgrwCslG/+Y/3bL+DHQ==}
    engines: {node: '>=18'}
    cpu: [x64]
    os: [win32]

  '@rauschma/stringio@1.4.0':
    resolution: {integrity: sha512-3uor2f/MXZkmX5RJf8r+OC3WvZVzpSme0yyL0rQDPEnatE02qRcqwEwnsgpgriEck0S/n4vWtUd6tTtrJwk45Q==}

  '@types/diff@7.0.1':
    resolution: {integrity: sha512-R/BHQFripuhW6XPXy05hIvXJQdQ4540KnTvEFHSLjXfHYM41liOLKgIJEyYYiQe796xpaMHfe4Uj/p7Uvng2vA==}

  '@types/node@10.17.60':
    resolution: {integrity: sha512-F0KIgDJfy2nA3zMLmWGKxcH2ZVEtCZXHHdOQs2gSaQ27+lNeEfGxzkIw90aXswATX7AZ33tahPbzy6KAfUreVw==}

  '@types/node@22.13.4':
    resolution: {integrity: sha512-ywP2X0DYtX3y08eFVx5fNIw7/uIv8hYUKgXoK8oayJlLnKcRfEYCxWMVE1XagUdVtCJlZT1AU4LXEABW+L1Peg==}

  '@types/vscode@1.69.1':
    resolution: {integrity: sha512-YZ77g3u9S9Xw3dwAgRgNAwnKNS3nPlhSu3XKOIYQzCcItUrZovfJUlf/29wjON2VZvHGuYQnhKuJUP15ccpVIQ==}

  diff@5.2.0:
    resolution: {integrity: sha512-uIFDxqpRZGZ6ThOk84hEfqWoHx2devRFvpTZcTHur85vImfaxUbTW9Ryh4CpCuDnToOP1CEtXKIgytHBPVff5A==}
    engines: {node: '>=0.3.1'}

  esbuild@0.25.0:
    resolution: {integrity: sha512-BXq5mqc8ltbaN34cDqWuYKyNhX8D/Z0J1xdtdQ8UcIIIyJyz+ZMKUt58tF3SrZ85jcfN/PZYhjR5uDQAYNVbuw==}
    engines: {node: '>=18'}
    hasBin: true

  typescript@5.7.3:
    resolution: {integrity: sha512-84MVSjMEHP+FQRPy3pX9sTVV/INIex71s9TL2Gm5FG/WG1SqXeKyZ0k7/blY/4FdOzI12CBy1vGc4og/eus0fw==}
    engines: {node: '>=14.17'}
    hasBin: true

  undici-types@6.20.0:
    resolution: {integrity: sha512-Ny6QZ2Nju20vw1SRHe3d9jVu6gJ+4e3+MMpqu7pqE5HT6WsTSlce++GQmK5UXS8mzV8DSYHrQH+Xrf2jVcuKNg==}

  untildify@5.0.0:
    resolution: {integrity: sha512-bOgQLUnd2G5rhzaTvh1VCI9Fo6bC5cLTpH17T5aFfamyXFYDbbdzN6IXdeoc3jBS7T9hNTmJtYUzJCJ2Xlc9gA==}
    engines: {node: '>=16'}

ignoredOptionalDependencies:
  - '*android*'
  - '*arm*'
  - '*bsd*'
  - '*ia32*'
  - '*loong64*'
  - '*mips64*'
  - '*musl*'
  - '*pc64*'
  - '*riscv64*'
  - '*s390x*'
  - '*sunos*'

snapshots:

  '@esbuild/darwin-x64@0.25.0':
    optional: true

  '@esbuild/linux-x64@0.25.0':
    optional: true

  '@esbuild/win32-x64@0.25.0':
    optional: true

  '@rauschma/stringio@1.4.0':
    dependencies:
      '@types/node': 10.17.60

  '@types/diff@7.0.1': {}

  '@types/node@10.17.60': {}

  '@types/node@22.13.4':
    dependencies:
      undici-types: 6.20.0

  '@types/vscode@1.69.1': {}

  diff@5.2.0: {}

  esbuild@0.25.0:
    optionalDependencies:
      '@esbuild/darwin-x64': 0.25.0
      '@esbuild/linux-x64': 0.25.0
      '@esbuild/win32-x64': 0.25.0

  typescript@5.7.3: {}

  undici-types@6.20.0: {}

  untildify@5.0.0: {}
