lockfileVersion: '9.0'

settings:
  autoInstallPeers: true
  excludeLinksFromLockfile: false

overrides:
  esbuild: '*'

importers:

  .:
    dependencies:
      '@rauschma/stringio':
        specifier: ^1.4.0
        version: 1.4.0
      diff:
        specifier: ^5.2.0
        version: 5.2.0
      untildify:
        specifier: ^5.0.0
        version: 5.0.0
    devDependencies:
      '@types/diff':
        specifier: ^5.2.3
        version: 5.2.3
      '@types/node':
        specifier: ^22.7.5
        version: 22.7.5
      '@types/vscode':
        specifier: ~1.69.1
        version: 1.69.1
      esbuild:
        specifier: '*'
        version: 0.24.0
      typescript:
        specifier: ^5.6.3
        version: 5.6.3

packages:

  '@esbuild/darwin-x64@0.24.0':
    resolution: {integrity: sha512-rgtz6flkVkh58od4PwTRqxbKH9cOjaXCMZgWD905JOzjFKW+7EiUObfd/Kav+A6Gyud6WZk9w+xu6QLytdi2OA==}
    engines: {node: '>=18'}
    cpu: [x64]
    os: [darwin]

  '@esbuild/linux-x64@0.24.0':
    resolution: {integrity: sha512-vbutsFqQ+foy3wSSbmjBXXIJ6PL3scghJoM8zCL142cGaZKAdCZHyf+Bpu/MmX9zT9Q0zFBVKb36Ma5Fzfa8xA==}
    engines: {node: '>=18'}
    cpu: [x64]
    os: [linux]

  '@esbuild/win32-x64@0.24.0':
    resolution: {integrity: sha512-7IAFPrjSQIJrGsK6flwg7NFmwBoSTyF3rl7If0hNUFQU4ilTsEPL6GuMuU9BfIWVVGuRnuIidkSMC+c0Otu8IA==}
    engines: {node: '>=18'}
    cpu: [x64]
    os: [win32]

  '@rauschma/stringio@1.4.0':
    resolution: {integrity: sha512-3uor2f/MXZkmX5RJf8r+OC3WvZVzpSme0yyL0rQDPEnatE02qRcqwEwnsgpgriEck0S/n4vWtUd6tTtrJwk45Q==}

  '@types/diff@5.2.3':
    resolution: {integrity: sha512-K0Oqlrq3kQMaO2RhfrNQX5trmt+XLyom88zS0u84nnIcLvFnRUMRRHmrGny5GSM+kNO9IZLARsdQHDzkhAgmrQ==}

  '@types/node@10.17.60':
    resolution: {integrity: sha512-F0KIgDJfy2nA3zMLmWGKxcH2ZVEtCZXHHdOQs2gSaQ27+lNeEfGxzkIw90aXswATX7AZ33tahPbzy6KAfUreVw==}

  '@types/node@22.7.5':
    resolution: {integrity: sha512-jML7s2NAzMWc//QSJ1a3prpk78cOPchGvXJsC3C6R6PSMoooztvRVQEz89gmBTBY1SPMaqo5teB4uNHPdetShQ==}

  '@types/vscode@1.69.1':
    resolution: {integrity: sha512-YZ77g3u9S9Xw3dwAgRgNAwnKNS3nPlhSu3XKOIYQzCcItUrZovfJUlf/29wjON2VZvHGuYQnhKuJUP15ccpVIQ==}

  diff@5.2.0:
    resolution: {integrity: sha512-uIFDxqpRZGZ6ThOk84hEfqWoHx2devRFvpTZcTHur85vImfaxUbTW9Ryh4CpCuDnToOP1CEtXKIgytHBPVff5A==}
    engines: {node: '>=0.3.1'}

  esbuild@0.24.0:
    resolution: {integrity: sha512-FuLPevChGDshgSicjisSooU0cemp/sGXR841D5LHMB7mTVOmsEHcAxaH3irL53+8YDIeVNQEySh4DaYU/iuPqQ==}
    engines: {node: '>=18'}
    hasBin: true

  typescript@5.6.3:
    resolution: {integrity: sha512-hjcS1mhfuyi4WW8IWtjP7brDrG2cuDZukyrYrSauoXGNgx0S7zceP07adYkJycEr56BOUTNPzbInooiN3fn1qw==}
    engines: {node: '>=14.17'}
    hasBin: true

  undici-types@6.19.8:
    resolution: {integrity: sha512-ve2KP6f/JnbPBFyobGHuerC9g1FYGn/F8n1LWTwNxCEzd6IfqTwUQcNXgEtmmQ6DlRrC1hrSrBnCZPokRrDHjw==}

  untildify@5.0.0:
    resolution: {integrity: sha512-bOgQLUnd2G5rhzaTvh1VCI9Fo6bC5cLTpH17T5aFfamyXFYDbbdzN6IXdeoc3jBS7T9hNTmJtYUzJCJ2Xlc9gA==}
    engines: {node: '>=16'}

ignoredOptionalDependencies:
  - '*android*'
  - '*arm*'
  - '*bsd*'
  - '*ia32*'
  - '*loong64*'
  - '*mips64*'
  - '*musl*'
  - '*pc64*'
  - '*riscv64*'
  - '*s390x*'
  - '*sunos*'

snapshots:

  '@esbuild/darwin-x64@0.24.0':
    optional: true

  '@esbuild/linux-x64@0.24.0':
    optional: true

  '@esbuild/win32-x64@0.24.0':
    optional: true

  '@rauschma/stringio@1.4.0':
    dependencies:
      '@types/node': 10.17.60

  '@types/diff@5.2.3': {}

  '@types/node@10.17.60': {}

  '@types/node@22.7.5':
    dependencies:
      undici-types: 6.19.8

  '@types/vscode@1.69.1': {}

  diff@5.2.0: {}

  esbuild@0.24.0:
    optionalDependencies:
      '@esbuild/darwin-x64': 0.24.0
      '@esbuild/linux-x64': 0.24.0
      '@esbuild/win32-x64': 0.24.0

  typescript@5.6.3: {}

  undici-types@6.19.8: {}

  untildify@5.0.0: {}
